
Microsoft Visual Studio Solution File, Format Version 12.00
# Visual Studio Version 17
VisualStudioVersion = 17.10.34928.147
MinimumVisualStudioVersion = 10.0.40219.1
Project("{2150E333-8FDC-42A3-9474-1A3956D46DE8}") = "FrontEnd", "FrontEnd", "{808C53F1-1236-47F7-AEB3-36C1A0B941A5}"
EndProject
Project("{2150E333-8FDC-42A3-9474-1A3956D46DE8}") = "Gateway", "Gateway", "{CFD43254-99BC-41E4-B863-63A3CF23CDD5}"
EndProject
Project("{2150E333-8FDC-42A3-9474-1A3956D46DE8}") = "Integration", "Integration", "{C9EACC58-8067-4803-A891-B511BE73C6B9}"
EndProject
Project("{2150E333-8FDC-42A3-9474-1A3956D46DE8}") = "Services", "Services", "{DA6610A5-7EC0-401E-B09A-08A17F5D767D}"
EndProject
Project("{9A19103F-16F7-4668-BE54-9A1E7A4F7556}") = "Mango.Services.CouponAPI", "Mango.Services.CouponAPI\Mango.Services.CouponAPI.csproj", "{1BD1EB16-AFE4-4204-B684-79425A1A624B}"
EndProject
Project("{9A19103F-16F7-4668-BE54-9A1E7A4F7556}") = "Mango.Web", "Mango.Web\Mango.Web.csproj", "{229665D8-EF4A-45DC-A537-886A269F8D69}"
EndProject
Project("{9A19103F-16F7-4668-BE54-9A1E7A4F7556}") = "Common", "Common\Common.csproj", "{610D27B7-2C24-4EC2-AF12-A55A7F2B1C37}"
EndProject
Project("{9A19103F-16F7-4668-BE54-9A1E7A4F7556}") = "Repository", "Repository\Repository.csproj", "{0B642744-1C05-438E-8673-D7F7BC85DF5A}"
EndProject
Project("{9A19103F-16F7-4668-BE54-9A1E7A4F7556}") = "Core", "Core\Core.csproj", "{431CD8D0-F446-44C2-B1A6-6450B1664E3E}"
EndProject
Project("{9A19103F-16F7-4668-BE54-9A1E7A4F7556}") = "Mango.Service.AccountAPI", "Mango.Service.AccountAPI\Mango.Service.AccountAPI.csproj", "{AAB99688-CD51-4761-A4C4-82A10E838397}"
EndProject
Project("{9A19103F-16F7-4668-BE54-9A1E7A4F7556}") = "Mango.Service.ProductAPI", "Mango.Service.ProductAPI\Mango.Service.ProductAPI.csproj", "{42696A03-6290-4D9A-96D9-FFDFBEF5F97D}"
EndProject
Project("{9A19103F-16F7-4668-BE54-9A1E7A4F7556}") = "Mango.Service.CartAPI", "Mango.Service.CartAPI\Mango.Service.CartAPI.csproj", "{D9970515-B2BC-46C8-BA85-CC808C784759}"
EndProject
Project("{9A19103F-16F7-4668-BE54-9A1E7A4F7556}") = "Mango.Service.OrderAPI", "Mango.Service.OrderAPI\Mango.Service.OrderAPI.csproj", "{FA1E77EC-9B2B-4471-BBA9-EA831B8E6022}"
EndProject
Project("{FAE04EC0-301F-11D3-BF4B-00C04F79EFBC}") = "Mango.GatewaySolution", "Mango.GatewaySolution\Mango.GatewaySolution.csproj", "{2371875F-78C9-4B3C-BC8B-F3B1037F0C7C}"
EndProject
Global
	GlobalSection(SolutionConfigurationPlatforms) = preSolution
		Debug|Any CPU = Debug|Any CPU
		Release|Any CPU = Release|Any CPU
	EndGlobalSection
	GlobalSection(ProjectConfigurationPlatforms) = postSolution
		{1BD1EB16-AFE4-4204-B684-79425A1A624B}.Debug|Any CPU.ActiveCfg = Debug|Any CPU
		{1BD1EB16-AFE4-4204-B684-79425A1A624B}.Debug|Any CPU.Build.0 = Debug|Any CPU
		{1BD1EB16-AFE4-4204-B684-79425A1A624B}.Release|Any CPU.ActiveCfg = Release|Any CPU
		{1BD1EB16-AFE4-4204-B684-79425A1A624B}.Release|Any CPU.Build.0 = Release|Any CPU
		{229665D8-EF4A-45DC-A537-886A269F8D69}.Debug|Any CPU.ActiveCfg = Debug|Any CPU
		{229665D8-EF4A-45DC-A537-886A269F8D69}.Debug|Any CPU.Build.0 = Debug|Any CPU
		{229665D8-EF4A-45DC-A537-886A269F8D69}.Release|Any CPU.ActiveCfg = Release|Any CPU
		{229665D8-EF4A-45DC-A537-886A269F8D69}.Release|Any CPU.Build.0 = Release|Any CPU
		{610D27B7-2C24-4EC2-AF12-A55A7F2B1C37}.Debug|Any CPU.ActiveCfg = Debug|Any CPU
		{610D27B7-2C24-4EC2-AF12-A55A7F2B1C37}.Debug|Any CPU.Build.0 = Debug|Any CPU
		{610D27B7-2C24-4EC2-AF12-A55A7F2B1C37}.Release|Any CPU.ActiveCfg = Release|Any CPU
		{610D27B7-2C24-4EC2-AF12-A55A7F2B1C37}.Release|Any CPU.Build.0 = Release|Any CPU
		{0B642744-1C05-438E-8673-D7F7BC85DF5A}.Debug|Any CPU.ActiveCfg = Debug|Any CPU
		{0B642744-1C05-438E-8673-D7F7BC85DF5A}.Debug|Any CPU.Build.0 = Debug|Any CPU
		{0B642744-1C05-438E-8673-D7F7BC85DF5A}.Release|Any CPU.ActiveCfg = Release|Any CPU
		{0B642744-1C05-438E-8673-D7F7BC85DF5A}.Release|Any CPU.Build.0 = Release|Any CPU
		{431CD8D0-F446-44C2-B1A6-6450B1664E3E}.Debug|Any CPU.ActiveCfg = Debug|Any CPU
		{431CD8D0-F446-44C2-B1A6-6450B1664E3E}.Debug|Any CPU.Build.0 = Debug|Any CPU
		{431CD8D0-F446-44C2-B1A6-6450B1664E3E}.Release|Any CPU.ActiveCfg = Release|Any CPU
		{431CD8D0-F446-44C2-B1A6-6450B1664E3E}.Release|Any CPU.Build.0 = Release|Any CPU
		{AAB99688-CD51-4761-A4C4-82A10E838397}.Debug|Any CPU.ActiveCfg = Debug|Any CPU
		{AAB99688-CD51-4761-A4C4-82A10E838397}.Debug|Any CPU.Build.0 = Debug|Any CPU
		{AAB99688-CD51-4761-A4C4-82A10E838397}.Release|Any CPU.ActiveCfg = Release|Any CPU
		{AAB99688-CD51-4761-A4C4-82A10E838397}.Release|Any CPU.Build.0 = Release|Any CPU
		{42696A03-6290-4D9A-96D9-FFDFBEF5F97D}.Debug|Any CPU.ActiveCfg = Debug|Any CPU
		{42696A03-6290-4D9A-96D9-FFDFBEF5F97D}.Debug|Any CPU.Build.0 = Debug|Any CPU
		{42696A03-6290-4D9A-96D9-FFDFBEF5F97D}.Release|Any CPU.ActiveCfg = Release|Any CPU
		{42696A03-6290-4D9A-96D9-FFDFBEF5F97D}.Release|Any CPU.Build.0 = Release|Any CPU
		{D9970515-B2BC-46C8-BA85-CC808C784759}.Debug|Any CPU.ActiveCfg = Debug|Any CPU
		{D9970515-B2BC-46C8-BA85-CC808C784759}.Debug|Any CPU.Build.0 = Debug|Any CPU
		{D9970515-B2BC-46C8-BA85-CC808C784759}.Release|Any CPU.ActiveCfg = Release|Any CPU
		{D9970515-B2BC-46C8-BA85-CC808C784759}.Release|Any CPU.Build.0 = Release|Any CPU
		{FA1E77EC-9B2B-4471-BBA9-EA831B8E6022}.Debug|Any CPU.ActiveCfg = Debug|Any CPU
		{FA1E77EC-9B2B-4471-BBA9-EA831B8E6022}.Debug|Any CPU.Build.0 = Debug|Any CPU
		{FA1E77EC-9B2B-4471-BBA9-EA831B8E6022}.Release|Any CPU.ActiveCfg = Release|Any CPU
		{FA1E77EC-9B2B-4471-BBA9-EA831B8E6022}.Release|Any CPU.Build.0 = Release|Any CPU
		{2371875F-78C9-4B3C-BC8B-F3B1037F0C7C}.Debug|Any CPU.ActiveCfg = Debug|Any CPU
		{2371875F-78C9-4B3C-BC8B-F3B1037F0C7C}.Debug|Any CPU.Build.0 = Debug|Any CPU
		{2371875F-78C9-4B3C-BC8B-F3B1037F0C7C}.Release|Any CPU.ActiveCfg = Release|Any CPU
		{2371875F-78C9-4B3C-BC8B-F3B1037F0C7C}.Release|Any CPU.Build.0 = Release|Any CPU
	EndGlobalSection
	GlobalSection(SolutionProperties) = preSolution
		HideSolutionNode = FALSE
	EndGlobalSection
	GlobalSection(NestedProjects) = preSolution
		{1BD1EB16-AFE4-4204-B684-79425A1A624B} = {DA6610A5-7EC0-401E-B09A-08A17F5D767D}
		{229665D8-EF4A-45DC-A537-886A269F8D69} = {808C53F1-1236-47F7-AEB3-36C1A0B941A5}
		{610D27B7-2C24-4EC2-AF12-A55A7F2B1C37} = {C9EACC58-8067-4803-A891-B511BE73C6B9}
		{0B642744-1C05-438E-8673-D7F7BC85DF5A} = {C9EACC58-8067-4803-A891-B511BE73C6B9}
		{431CD8D0-F446-44C2-B1A6-6450B1664E3E} = {C9EACC58-8067-4803-A891-B511BE73C6B9}
		{AAB99688-CD51-4761-A4C4-82A10E838397} = {DA6610A5-7EC0-401E-B09A-08A17F5D767D}
		{42696A03-6290-4D9A-96D9-FFDFBEF5F97D} = {DA6610A5-7EC0-401E-B09A-08A17F5D767D}
		{D9970515-B2BC-46C8-BA85-CC808C784759} = {DA6610A5-7EC0-401E-B09A-08A17F5D767D}
		{FA1E77EC-9B2B-4471-BBA9-EA831B8E6022} = {DA6610A5-7EC0-401E-B09A-08A17F5D767D}
		{2371875F-78C9-4B3C-BC8B-F3B1037F0C7C} = {CFD43254-99BC-41E4-B863-63A3CF23CDD5}
	EndGlobalSection
	GlobalSection(ExtensibilityGlobals) = postSolution
		SolutionGuid = {FC320EE7-C13F-476B-BFE9-4530CA137E26}
	EndGlobalSection
EndGlobal
